
Microsoft Visual Studio Solution File, Format Version 12.00
# Visual Studio Version 17
VisualStudioVersion = 17.9.34616.47
MinimumVisualStudioVersion = 10.0.40219.1
Project("{FAE04EC0-301F-11D3-BF4B-00C04F79EFBC}") = "StudentApp", "StudentApp\StudentApp.csproj", "{7B6F6E86-E4B6-4D9E-A2F2-C12D559D7245}"
EndProject
Global
	GlobalSection(SolutionConfigurationPlatforms) = preSolution
		Debug|Any CPU = Debug|Any CPU
		Release|Any CPU = Release|Any CPU
	EndGlobalSection
	GlobalSection(ProjectConfigurationPlatforms) = postSolution
		{7B6F6E86-E4B6-4D9E-A2F2-C12D559D7245}.Debug|Any CPU.ActiveCfg = Debug|Any CPU
		{7B6F6E86-E4B6-4D9E-A2F2-C12D559D7245}.Debug|Any CPU.Build.0 = Debug|Any CPU
		{7B6F6E86-E4B6-4D9E-A2F2-C12D559D7245}.Release|Any CPU.ActiveCfg = Release|Any CPU
		{7B6F6E86-E4B6-4D9E-A2F2-C12D559D7245}.Release|Any CPU.Build.0 = Release|Any CPU
	EndGlobalSection
	GlobalSection(SolutionProperties) = preSolution
		HideSolutionNode = FALSE
	EndGlobalSection
	GlobalSection(ExtensibilityGlobals) = postSolution
		SolutionGuid = {E04F1C2E-09F8-4985-AB79-5C590C8F9887}
	EndGlobalSection
EndGlobal
